{
  "requires": true,
  "lockfileVersion": 1,
  "dependencies": {
    "@types/lodash": {
      "version": "4.14.162",
      "resolved": "https://registry.npmjs.org/@types/lodash/-/lodash-4.14.162.tgz",
      "integrity": "sha512-alvcho1kRUnnD1Gcl4J+hK0eencvzq9rmzvFPRmP5rPHx9VVsJj6bKLTATPVf9ktgv4ujzh7T+XWKp+jhuODig=="
    },
    "@types/lowdb": {
      "version": "1.0.9",
      "resolved": "https://registry.npmjs.org/@types/lowdb/-/lowdb-1.0.9.tgz",
      "integrity": "sha512-LBRG5EPXFOJDoJc9jACstMhtMP+u+UkPYllBeGQXXKiaHc+uzJs9+/Aynb/5KkX33DtrIiKyzNVTPQc/4RcD6A==",
      "requires": {
        "@types/lodash": "*"
      }
    },
    "dts2hx": {
      "version": "0.14.6",
      "resolved": "https://registry.npmjs.org/dts2hx/-/dts2hx-0.14.6.tgz",
      "integrity": "sha512-7Rqfr/RbHSHY+tvlZIOT1aclzEjaKIextNK80/ljFgisUjJYRAKdIREdy6oBdjTMi7Ywt4Pztn1PfloZlWxwtA==",
      "dev": true,
      "requires": {
        "typescript": "3.7.4"
      }
    },
    "graceful-fs": {
      "version": "4.2.4",
      "resolved": "https://registry.npmjs.org/graceful-fs/-/graceful-fs-4.2.4.tgz",
      "integrity": "sha512-WjKPNJF79dtJAVniUlGGWHYGz2jWxT6VhN/4m1NdkbZ2nOsEF+cI1Edgql5zCRhs/VsQYRvrXctxktVXZUkixw=="
    },
    "is-promise": {
      "version": "2.2.2",
      "resolved": "https://registry.npmjs.org/is-promise/-/is-promise-2.2.2.tgz",
      "integrity": "sha512-+lP4/6lKUBfQjZ2pdxThZvLUAafmZb8OAxFb8XXtiQmS35INgr85hdOGoEs124ez1FCnZJt6jau/T+alh58QFQ=="
    },
    "lodash": {
      "version": "4.17.20",
      "resolved": "https://registry.npmjs.org/lodash/-/lodash-4.17.20.tgz",
      "integrity": "sha512-PlhdFcillOINfeV7Ni6oF1TAEayyZBoZ8bcshTHqOYJYlrqzRK5hagpagky5o4HfCzzd1TRkXPMFq6cKk9rGmA=="
    },
    "lowdb": {
      "version": "1.0.0",
      "resolved": "https://registry.npmjs.org/lowdb/-/lowdb-1.0.0.tgz",
      "integrity": "sha512-2+x8esE/Wb9SQ1F9IHaYWfsC9FIecLOPrK4g17FGEayjUWH172H6nwicRovGvSE2CPZouc2MCIqCI7h9d+GftQ==",
      "requires": {
        "graceful-fs": "^4.1.3",
        "is-promise": "^2.1.0",
        "lodash": "4",
        "pify": "^3.0.0",
        "steno": "^0.4.1"
      }
    },
    "pify": {
      "version": "3.0.0",
      "resolved": "https://registry.npmjs.org/pify/-/pify-3.0.0.tgz",
      "integrity": "sha1-5aSs0sEB/fPZpNB/DbxNtJ3SgXY="
    },
    "steno": {
      "version": "0.4.4",
      "resolved": "https://registry.npmjs.org/steno/-/steno-0.4.4.tgz",
      "integrity": "sha1-BxEFvfwobmYVwEA8J+nXtdy4Vcs=",
      "requires": {
        "graceful-fs": "^4.1.3"
      }
    },
    "typescript": {
      "version": "3.7.4",
      "resolved": "https://registry.npmjs.org/typescript/-/typescript-3.7.4.tgz",
      "integrity": "sha512-A25xv5XCtarLwXpcDNZzCGvW2D1S3/bACratYBx2sax8PefsFhlYmkQicKHvpYflFS8if4zne5zT5kpJ7pzuvw==",
      "dev": true
    }
  }
}
