{
  "name": "code",
  "lockfileVersion": 2,
  "requires": true,
  "packages": {
    "": {
      "hasInstallScript": true,
      "dependencies": {
        "@types/lowdb": "^1.0.11"
      },
      "devDependencies": {
        "dts2hx": "^0.16.0"
      }
    },
    "node_modules/@types/lodash": {
      "version": "4.14.172",
      "resolved": "https://registry.npmjs.org/@types/lodash/-/lodash-4.14.172.tgz",
      "integrity": "sha512-/BHF5HAx3em7/KkzVKm3LrsD6HZAXuXO1AJZQ3cRRBZj4oHZDviWPYu0aEplAqDFNHZPW6d3G7KN+ONcCCC7pw=="
    },
    "node_modules/@types/lowdb": {
      "version": "1.0.11",
      "resolved": "https://registry.npmjs.org/@types/lowdb/-/lowdb-1.0.11.tgz",
      "integrity": "sha512-h99VMxvTuz+VsXUVCCJo4dsps4vbkXwvU71TpmxDoiBU24bJ0VBygIHgmMm+UPoQIFihmV6euRik4z8J7XDJWg==",
      "dependencies": {
        "@types/lodash": "*"
      }
    },
    "node_modules/dts2hx": {
      "version": "0.16.0",
      "resolved": "https://registry.npmjs.org/dts2hx/-/dts2hx-0.16.0.tgz",
      "integrity": "sha512-pyfk90me0QlXRIiZaOzudN9Qyk09e7aKZttOJQ8zCeyXHKAos+/OJno9dfs8HVbU8pA7Mqvg1Nc8RuVmeirJug==",
      "dev": true,
      "dependencies": {
        "typescript": "3.7.4"
      },
      "bin": {
        "dts2hx": "cli.js"
      }
    },
    "node_modules/typescript": {
      "version": "3.7.4",
      "resolved": "https://registry.npmjs.org/typescript/-/typescript-3.7.4.tgz",
      "integrity": "sha512-A25xv5XCtarLwXpcDNZzCGvW2D1S3/bACratYBx2sax8PefsFhlYmkQicKHvpYflFS8if4zne5zT5kpJ7pzuvw==",
      "dev": true,
      "bin": {
        "tsc": "bin/tsc",
        "tsserver": "bin/tsserver"
      },
      "engines": {
        "node": ">=4.2.0"
      }
    }
  },
  "dependencies": {
    "@types/lodash": {
      "version": "4.14.172",
      "resolved": "https://registry.npmjs.org/@types/lodash/-/lodash-4.14.172.tgz",
      "integrity": "sha512-/BHF5HAx3em7/KkzVKm3LrsD6HZAXuXO1AJZQ3cRRBZj4oHZDviWPYu0aEplAqDFNHZPW6d3G7KN+ONcCCC7pw=="
    },
    "@types/lowdb": {
      "version": "1.0.11",
      "resolved": "https://registry.npmjs.org/@types/lowdb/-/lowdb-1.0.11.tgz",
      "integrity": "sha512-h99VMxvTuz+VsXUVCCJo4dsps4vbkXwvU71TpmxDoiBU24bJ0VBygIHgmMm+UPoQIFihmV6euRik4z8J7XDJWg==",
      "requires": {
        "@types/lodash": "*"
      }
    },
    "dts2hx": {
      "version": "0.16.0",
      "resolved": "https://registry.npmjs.org/dts2hx/-/dts2hx-0.16.0.tgz",
      "integrity": "sha512-pyfk90me0QlXRIiZaOzudN9Qyk09e7aKZttOJQ8zCeyXHKAos+/OJno9dfs8HVbU8pA7Mqvg1Nc8RuVmeirJug==",
      "dev": true,
      "requires": {
        "typescript": "3.7.4"
      }
    },
    "typescript": {
      "version": "3.7.4",
      "resolved": "https://registry.npmjs.org/typescript/-/typescript-3.7.4.tgz",
      "integrity": "sha512-A25xv5XCtarLwXpcDNZzCGvW2D1S3/bACratYBx2sax8PefsFhlYmkQicKHvpYflFS8if4zne5zT5kpJ7pzuvw==",
      "dev": true
    }
  }
}
